
Microsoft Visual Studio Solution File, Format Version 12.00
# Visual Studio Version 17
VisualStudioVersion = 17.14.36915.13 d17.14
MinimumVisualStudioVersion = 10.0.40219.1
Project("{FAE04EC0-301F-11D3-BF4B-00C04F79EFBC}") = "rest-with-asp-net-9", "rest-with-asp-net-9\rest-with-asp-net-9.csproj", "{A5DFEAD8-A78D-41B4-BEC3-F8EA5165AF22}"
EndProject
Global
	GlobalSection(SolutionConfigurationPlatforms) = preSolution
		Debug|Any CPU = Debug|Any CPU
		Release|Any CPU = Release|Any CPU
	EndGlobalSection
	GlobalSection(ProjectConfigurationPlatforms) = postSolution
		{A5DFEAD8-A78D-41B4-BEC3-F8EA5165AF22}.Debug|Any CPU.ActiveCfg = Debug|Any CPU
		{A5DFEAD8-A78D-41B4-BEC3-F8EA5165AF22}.Debug|Any CPU.Build.0 = Debug|Any CPU
		{A5DFEAD8-A78D-41B4-BEC3-F8EA5165AF22}.Release|Any CPU.ActiveCfg = Release|Any CPU
		{A5DFEAD8-A78D-41B4-BEC3-F8EA5165AF22}.Release|Any CPU.Build.0 = Release|Any CPU
	EndGlobalSection
	GlobalSection(SolutionProperties) = preSolution
		HideSolutionNode = FALSE
	EndGlobalSection
	GlobalSection(ExtensibilityGlobals) = postSolution
		SolutionGuid = {6C503D85-B026-444E-9B5A-A9B4D8F61A0D}
	EndGlobalSection
EndGlobal
